<?xml version="1.0" encoding="utf-8"?>
<Project ToolsVersion="4.0" xmlns="http://schemas.microsoft.com/developer/msbuild/2003">
  <ItemGroup>
    <ClCompile Include="jbig.c">
      <Filter>sources</Filter>
    </ClCompile>
    <ClCompile Include="jbig_tab.c">
      <Filter>sources</Filter>
    </ClCompile>
  </ItemGroup>
  <ItemGroup>
    <Filter Include="sources">
      <UniqueIdentifier>{cd80512b-1fc9-4a77-8de2-f5f7366c19d9}</UniqueIdentifier>
    </Filter>
    <Filter Include="headers">
      <UniqueIdentifier>{95cfb784-b400-46a1-a3db-22f82c53e218}</UniqueIdentifier>
    </Filter>
  </ItemGroup>
  <ItemGroup>
    <ClInclude Include="jbig.h">
      <Filter>headers</Filter>
    </ClInclude>
  </ItemGroup>
</Project>